
Microsoft Visual Studio Solution File, Format Version 11.00
# Visual Studio 2010
Project("{FAE04EC0-301F-11D3-BF4B-00C04F79EFBC}") = "FinalProject2013", "FinalProject2013\FinalProject2013.csproj", "{918BADDA-D167-4606-8374-F14C03765F18}"
EndProject
Global
	GlobalSection(SolutionConfigurationPlatforms) = preSolution
		Debug|x86 = Debug|x86
		Release|x86 = Release|x86
	EndGlobalSection
	GlobalSection(ProjectConfigurationPlatforms) = postSolution
		{918BADDA-D167-4606-8374-F14C03765F18}.Debug|x86.ActiveCfg = Debug|x86
		{918BADDA-D167-4606-8374-F14C03765F18}.Debug|x86.Build.0 = Debug|x86
		{918BADDA-D167-4606-8374-F14C03765F18}.Release|x86.ActiveCfg = Release|x86
		{918BADDA-D167-4606-8374-F14C03765F18}.Release|x86.Build.0 = Release|x86
	EndGlobalSection
	GlobalSection(SolutionProperties) = preSolution
		HideSolutionNode = FALSE
	EndGlobalSection
EndGlobal
